// !$*UTF8*$!
{
	archiveVersion = 1;
	classes = {
	};
	objectVersion = 46;
	objects = {

/* Begin PBXBuildFile section */
		832CD7F9176A76D600F1372C /* AUD.png in Resources */ = {isa = PBXBuildFile; fileRef = 832CD7F1176A76D600F1372C /* AUD.png */; };
		832CD7FA176A76D600F1372C /* CAD.png in Resources */ = {isa = PBXBuildFile; fileRef = 832CD7F2176A76D600F1372C /* CAD.png */; };
		832CD7FB176A76D600F1372C /* CHF.png in Resources */ = {isa = PBXBuildFile; fileRef = 832CD7F3176A76D600F1372C /* CHF.png */; };
		832CD7FC176A76D600F1372C /* EUR.png in Resources */ = {isa = PBXBuildFile; fileRef = 832CD7F4176A76D600F1372C /* EUR.png */; };
		832CD7FD176A76D600F1372C /* GBP.png in Resources */ = {isa = PBXBuildFile; fileRef = 832CD7F5176A76D600F1372C /* GBP.png */; };
		832CD7FE176A76D600F1372C /* HKD.png in Resources */ = {isa = PBXBuildFile; fileRef = 832CD7F6176A76D600F1372C /* HKD.png */; };
		832CD7FF176A76D600F1372C /* JPY.png in Resources */ = {isa = PBXBuildFile; fileRef = 832CD7F7176A76D600F1372C /* JPY.png */; };
		832CD800176A76D600F1372C /* USD.png in Resources */ = {isa = PBXBuildFile; fileRef = 832CD7F8176A76D600F1372C /* USD.png */; };
		832CD804176A76E300F1372C /* coin.jpg in Resources */ = {isa = PBXBuildFile; fileRef = 832CD802176A76E300F1372C /* coin.jpg */; };
		832CD805176A76E300F1372C /* icon.png in Resources */ = {isa = PBXBuildFile; fileRef = 832CD803176A76E300F1372C /* icon.png */; };
		832EA3E1170B743400AA3CE7 /* Default-568h@2x.png in Resources */ = {isa = PBXBuildFile; fileRef = 832EA3E0170B743400AA3CE7 /* Default-568h@2x.png */; };
		832EA3ED170BCAB700AA3CE7 /* rates.txt in Resources */ = {isa = PBXBuildFile; fileRef = 832EA3EC170BCAB700AA3CE7 /* rates.txt */; };
		83DB38221707A2900090E3D2 /* UIKit.framework in Frameworks */ = {isa = PBXBuildFile; fileRef = 83DB38211707A2900090E3D2 /* UIKit.framework */; };
		83DB38241707A2900090E3D2 /* Foundation.framework in Frameworks */ = {isa = PBXBuildFile; fileRef = 83DB38231707A2900090E3D2 /* Foundation.framework */; };
		83DB38261707A2900090E3D2 /* CoreGraphics.framework in Frameworks */ = {isa = PBXBuildFile; fileRef = 83DB38251707A2900090E3D2 /* CoreGraphics.framework */; };
		83DB382C1707A2900090E3D2 /* InfoPlist.strings in Resources */ = {isa = PBXBuildFile; fileRef = 83DB382A1707A2900090E3D2 /* InfoPlist.strings */; };
		83DB382E1707A2900090E3D2 /* main.m in Sources */ = {isa = PBXBuildFile; fileRef = 83DB382D1707A2900090E3D2 /* main.m */; };
		83DB38321707A2900090E3D2 /* ConverterAppDelegate.m in Sources */ = {isa = PBXBuildFile; fileRef = 83DB38311707A2900090E3D2 /* ConverterAppDelegate.m */; };
		83DB383B1707A2900090E3D2 /* MainStoryboard.storyboard in Resources */ = {isa = PBXBuildFile; fileRef = 83DB38391707A2900090E3D2 /* MainStoryboard.storyboard */; };
		83DB383E1707A2900090E3D2 /* ConverterViewController.m in Sources */ = {isa = PBXBuildFile; fileRef = 83DB383D1707A2900090E3D2 /* ConverterViewController.m */; };
/* End PBXBuildFile section */

/* Begin PBXFileReference section */
		832CD7F1176A76D600F1372C /* AUD.png */ = {isa = PBXFileReference; lastKnownFileType = image.png; path = AUD.png; sourceTree = "<group>"; };
		832CD7F2176A76D600F1372C /* CAD.png */ = {isa = PBXFileReference; lastKnownFileType = image.png; path = CAD.png; sourceTree = "<group>"; };
		832CD7F3176A76D600F1372C /* CHF.png */ = {isa = PBXFileReference; lastKnownFileType = image.png; path = CHF.png; sourceTree = "<group>"; };
		832CD7F4176A76D600F1372C /* EUR.png */ = {isa = PBXFileReference; lastKnownFileType = image.png; path = EUR.png; sourceTree = "<group>"; };
		832CD7F5176A76D600F1372C /* GBP.png */ = {isa = PBXFileReference; lastKnownFileType = image.png; path = GBP.png; sourceTree = "<group>"; };
		832CD7F6176A76D600F1372C /* HKD.png */ = {isa = PBXFileReference; lastKnownFileType = image.png; path = HKD.png; sourceTree = "<group>"; };
		832CD7F7176A76D600F1372C /* JPY.png */ = {isa = PBXFileReference; lastKnownFileType = image.png; path = JPY.png; sourceTree = "<group>"; };
		832CD7F8176A76D600F1372C /* USD.png */ = {isa = PBXFileReference; lastKnownFileType = image.png; path = USD.png; sourceTree = "<group>"; };
		832CD802176A76E300F1372C /* coin.jpg */ = {isa = PBXFileReference; lastKnownFileType = image.jpeg; path = coin.jpg; sourceTree = "<group>"; };
		832CD803176A76E300F1372C /* icon.png */ = {isa = PBXFileReference; lastKnownFileType = image.png; path = icon.png; sourceTree = "<group>"; };
		832EA3E0170B743400AA3CE7 /* Default-568h@2x.png */ = {isa = PBXFileReference; lastKnownFileType = image.png; path = "Default-568h@2x.png"; sourceTree = "<group>"; };
		832EA3EC170BCAB700AA3CE7 /* rates.txt */ = {isa = PBXFileReference; fileEncoding = 4; lastKnownFileType = text; path = rates.txt; sourceTree = "<group>"; };
		83DB381E1707A2900090E3D2 /* Currency Converter.app */ = {isa = PBXFileReference; explicitFileType = wrapper.application; includeInIndex = 0; path = "Currency Converter.app"; sourceTree = BUILT_PRODUCTS_DIR; };
		83DB38211707A2900090E3D2 /* UIKit.framework */ = {isa = PBXFileReference; lastKnownFileType = wrapper.framework; name = UIKit.framework; path = System/Library/Frameworks/UIKit.framework; sourceTree = SDKROOT; };
		83DB38231707A2900090E3D2 /* Foundation.framework */ = {isa = PBXFileReference; lastKnownFileType = wrapper.framework; name = Foundation.framework; path = System/Library/Frameworks/Foundation.framework; sourceTree = SDKROOT; };
		83DB38251707A2900090E3D2 /* CoreGraphics.framework */ = {isa = PBXFileReference; lastKnownFileType = wrapper.framework; name = CoreGraphics.framework; path = System/Library/Frameworks/CoreGraphics.framework; sourceTree = SDKROOT; };
		83DB38291707A2900090E3D2 /* Currency Converter-Info.plist */ = {isa = PBXFileReference; lastKnownFileType = text.plist.xml; path = "Currency Converter-Info.plist"; sourceTree = "<group>"; };
		83DB382B1707A2900090E3D2 /* en */ = {isa = PBXFileReference; lastKnownFileType = text.plist.strings; name = en; path = en.lproj/InfoPlist.strings; sourceTree = "<group>"; };
		83DB382D1707A2900090E3D2 /* main.m */ = {isa = PBXFileReference; lastKnownFileType = sourcecode.c.objc; path = main.m; sourceTree = "<group>"; };
		83DB382F1707A2900090E3D2 /* Currency Converter-Prefix.pch */ = {isa = PBXFileReference; lastKnownFileType = sourcecode.c.h; path = "Currency Converter-Prefix.pch"; sourceTree = "<group>"; };
		83DB38301707A2900090E3D2 /* ConverterAppDelegate.h */ = {isa = PBXFileReference; lastKnownFileType = sourcecode.c.h; path = ConverterAppDelegate.h; sourceTree = "<group>"; };
		83DB38311707A2900090E3D2 /* ConverterAppDelegate.m */ = {isa = PBXFileReference; lastKnownFileType = sourcecode.c.objc; path = ConverterAppDelegate.m; sourceTree = "<group>"; };
		83DB383A1707A2900090E3D2 /* en */ = {isa = PBXFileReference; lastKnownFileType = file.storyboard; name = en; path = en.lproj/MainStoryboard.storyboard; sourceTree = "<group>"; };
		83DB383C1707A2900090E3D2 /* ConverterViewController.h */ = {isa = PBXFileReference; lastKnownFileType = sourcecode.c.h; path = ConverterViewController.h; sourceTree = "<group>"; };
		83DB383D1707A2900090E3D2 /* ConverterViewController.m */ = {isa = PBXFileReference; lastKnownFileType = sourcecode.c.objc; path = ConverterViewController.m; sourceTree = "<group>"; };
/* End PBXFileReference section */

/* Begin PBXFrameworksBuildPhase section */
		83DB381B1707A2900090E3D2 /* Frameworks */ = {
			isa = PBXFrameworksBuildPhase;
			buildActionMask = 2147483647;
			files = (
				83DB38221707A2900090E3D2 /* UIKit.framework in Frameworks */,
				83DB38241707A2900090E3D2 /* Foundation.framework in Frameworks */,
				83DB38261707A2900090E3D2 /* CoreGraphics.framework in Frameworks */,
			);
			runOnlyForDeploymentPostprocessing = 0;
		};
/* End PBXFrameworksBuildPhase section */

/* Begin PBXGroup section */
		832CD7F0176A76D600F1372C /* flags */ = {
			isa = PBXGroup;
			children = (
				832CD7F1176A76D600F1372C /* AUD.png */,
				832CD7F2176A76D600F1372C /* CAD.png */,
				832CD7F3176A76D600F1372C /* CHF.png */,
				832CD7F4176A76D600F1372C /* EUR.png */,
				832CD7F5176A76D600F1372C /* GBP.png */,
				832CD7F6176A76D600F1372C /* HKD.png */,
				832CD7F7176A76D600F1372C /* JPY.png */,
				832CD7F8176A76D600F1372C /* USD.png */,
			);
			path = flags;
			sourceTree = "<group>";
		};
		832CD801176A76E300F1372C /* icons */ = {
			isa = PBXGroup;
			children = (
				832CD802176A76E300F1372C /* coin.jpg */,
				832CD803176A76E300F1372C /* icon.png */,
			);
			path = icons;
			sourceTree = "<group>";
		};
		83DB38151707A2900090E3D2 = {
			isa = PBXGroup;
			children = (
				832EA3E0170B743400AA3CE7 /* Default-568h@2x.png */,
				83DB38271707A2900090E3D2 /* Currency Converter */,
				83DB38201707A2900090E3D2 /* Frameworks */,
				83DB381F1707A2900090E3D2 /* Products */,
			);
			sourceTree = "<group>";
		};
		83DB381F1707A2900090E3D2 /* Products */ = {
			isa = PBXGroup;
			children = (
				83DB381E1707A2900090E3D2 /* Currency Converter.app */,
			);
			name = Products;
			sourceTree = "<group>";
		};
		83DB38201707A2900090E3D2 /* Frameworks */ = {
			isa = PBXGroup;
			children = (
				83DB38211707A2900090E3D2 /* UIKit.framework */,
				83DB38231707A2900090E3D2 /* Foundation.framework */,
				83DB38251707A2900090E3D2 /* CoreGraphics.framework */,
			);
			name = Frameworks;
			sourceTree = "<group>";
		};
		83DB38271707A2900090E3D2 /* Currency Converter */ = {
			isa = PBXGroup;
			children = (
				83DB38301707A2900090E3D2 /* ConverterAppDelegate.h */,
				83DB38311707A2900090E3D2 /* ConverterAppDelegate.m */,
				83DB38391707A2900090E3D2 /* MainStoryboard.storyboard */,
				83DB383C1707A2900090E3D2 /* ConverterViewController.h */,
				83DB383D1707A2900090E3D2 /* ConverterViewController.m */,
				83DB38281707A2900090E3D2 /* Supporting Files */,
			);
			path = "Currency Converter";
			sourceTree = "<group>";
		};
		83DB38281707A2900090E3D2 /* Supporting Files */ = {
			isa = PBXGroup;
			children = (
				832EA3EC170BCAB700AA3CE7 /* rates.txt */,
				83DB38291707A2900090E3D2 /* Currency Converter-Info.plist */,
				832CD801176A76E300F1372C /* icons */,
				832CD7F0176A76D600F1372C /* flags */,
				83DB382A1707A2900090E3D2 /* InfoPlist.strings */,
				83DB382D1707A2900090E3D2 /* main.m */,
				83DB382F1707A2900090E3D2 /* Currency Converter-Prefix.pch */,
			);
			name = "Supporting Files";
			sourceTree = "<group>";
		};
/* End PBXGroup section */

/* Begin PBXNativeTarget section */
		83DB381D1707A2900090E3D2 /* Currency Converter */ = {
			isa = PBXNativeTarget;
			buildConfigurationList = 83DB38411707A2900090E3D2 /* Build configuration list for PBXNativeTarget "Currency Converter" */;
			buildPhases = (
				83DB381A1707A2900090E3D2 /* Sources */,
				83DB381B1707A2900090E3D2 /* Frameworks */,
				83DB381C1707A2900090E3D2 /* Resources */,
			);
			buildRules = (
			);
			dependencies = (
			);
			name = "Currency Converter";
			productName = "Currency Converter";
			productReference = 83DB381E1707A2900090E3D2 /* Currency Converter.app */;
			productType = "com.apple.product-type.application";
		};
/* End PBXNativeTarget section */

/* Begin PBXProject section */
		83DB38161707A2900090E3D2 /* Project object */ = {
			isa = PBXProject;
			attributes = {
				CLASSPREFIX = Converter;
				LastUpgradeCheck = 0460;
				ORGANIZATIONNAME = "Malcolm McKinney";
			};
			buildConfigurationList = 83DB38191707A2900090E3D2 /* Build configuration list for PBXProject "Currency Converter" */;
			compatibilityVersion = "Xcode 3.2";
			developmentRegion = English;
			hasScannedForEncodings = 0;
			knownRegions = (
				en,
			);
			mainGroup = 83DB38151707A2900090E3D2;
			productRefGroup = 83DB381F1707A2900090E3D2 /* Products */;
			projectDirPath = "";
			projectRoot = "";
			targets = (
				83DB381D1707A2900090E3D2 /* Currency Converter */,
			);
		};
/* End PBXProject section */

/* Begin PBXResourcesBuildPhase section */
		83DB381C1707A2900090E3D2 /* Resources */ = {
			isa = PBXResourcesBuildPhase;
			buildActionMask = 2147483647;
			files = (
				83DB382C1707A2900090E3D2 /* InfoPlist.strings in Resources */,
				83DB383B1707A2900090E3D2 /* MainStoryboard.storyboard in Resources */,
				832EA3E1170B743400AA3CE7 /* Default-568h@2x.png in Resources */,
				832EA3ED170BCAB700AA3CE7 /* rates.txt in Resources */,
				832CD7F9176A76D600F1372C /* AUD.png in Resources */,
				832CD7FA176A76D600F1372C /* CAD.png in Resources */,
				832CD7FB176A76D600F1372C /* CHF.png in Resources */,
				832CD7FC176A76D600F1372C /* EUR.png in Resources */,
				832CD7FD176A76D600F1372C /* GBP.png in Resources */,
				832CD7FE176A76D600F1372C /* HKD.png in Resources */,
				832CD7FF176A76D600F1372C /* JPY.png in Resources */,
				832CD800176A76D600F1372C /* USD.png in Resources */,
				832CD804176A76E300F1372C /* coin.jpg in Resources */,
				832CD805176A76E300F1372C /* icon.png in Resources */,
			);
			runOnlyForDeploymentPostprocessing = 0;
		};
/* End PBXResourcesBuildPhase section */

/* Begin PBXSourcesBuildPhase section */
		83DB381A1707A2900090E3D2 /* Sources */ = {
			isa = PBXSourcesBuildPhase;
			buildActionMask = 2147483647;
			files = (
				83DB382E1707A2900090E3D2 /* main.m in Sources */,
				83DB38321707A2900090E3D2 /* ConverterAppDelegate.m in Sources */,
				83DB383E1707A2900090E3D2 /* ConverterViewController.m in Sources */,
			);
			runOnlyForDeploymentPostprocessing = 0;
		};
/* End PBXSourcesBuildPhase section */

/* Begin PBXVariantGroup section */
		83DB382A1707A2900090E3D2 /* InfoPlist.strings */ = {
			isa = PBXVariantGroup;
			children = (
				83DB382B1707A2900090E3D2 /* en */,
			);
			name = InfoPlist.strings;
			sourceTree = "<group>";
		};
		83DB38391707A2900090E3D2 /* MainStoryboard.storyboard */ = {
			isa = PBXVariantGroup;
			children = (
				83DB383A1707A2900090E3D2 /* en */,
			);
			name = MainStoryboard.storyboard;
			sourceTree = "<group>";
		};
/* End PBXVariantGroup section */

/* Begin XCBuildConfiguration section */
		83DB383F1707A2900090E3D2 /* Debug */ = {
			isa = XCBuildConfiguration;
			buildSettings = {
				ALWAYS_SEARCH_USER_PATHS = NO;
				CLANG_CXX_LANGUAGE_STANDARD = "gnu++0x";
				CLANG_CXX_LIBRARY = "libc++";
				CLANG_ENABLE_OBJC_ARC = YES;
				CLANG_WARN_CONSTANT_CONVERSION = YES;
				CLANG_WARN_EMPTY_BODY = YES;
				CLANG_WARN_ENUM_CONVERSION = YES;
				CLANG_WARN_INT_CONVERSION = YES;
				CLANG_WARN__DUPLICATE_METHOD_MATCH = YES;
				"CODE_SIGN_IDENTITY[sdk=iphoneos*]" = "iPhone Developer";
				COPY_PHASE_STRIP = NO;
				GCC_C_LANGUAGE_STANDARD = gnu99;
				GCC_DYNAMIC_NO_PIC = NO;
				GCC_OPTIMIZATION_LEVEL = 0;
				GCC_PREPROCESSOR_DEFINITIONS = (
					"DEBUG=1",
					"$(inherited)",
				);
				GCC_SYMBOLS_PRIVATE_EXTERN = NO;
				GCC_WARN_ABOUT_RETURN_TYPE = YES;
				GCC_WARN_UNINITIALIZED_AUTOS = YES;
				GCC_WARN_UNUSED_VARIABLE = YES;
				IPHONEOS_DEPLOYMENT_TARGET = 6.1;
				ONLY_ACTIVE_ARCH = YES;
				SDKROOT = iphoneos;
			};
			name = Debug;
		};
		83DB38401707A2900090E3D2 /* Release */ = {
			isa = XCBuildConfiguration;
			buildSettings = {
				ALWAYS_SEARCH_USER_PATHS = NO;
				CLANG_CXX_LANGUAGE_STANDARD = "gnu++0x";
				CLANG_CXX_LIBRARY = "libc++";
				CLANG_ENABLE_OBJC_ARC = YES;
				CLANG_WARN_CONSTANT_CONVERSION = YES;
				CLANG_WARN_EMPTY_BODY = YES;
				CLANG_WARN_ENUM_CONVERSION = YES;
				CLANG_WARN_INT_CONVERSION = YES;
				CLANG_WARN__DUPLICATE_METHOD_MATCH = YES;
				"CODE_SIGN_IDENTITY[sdk=iphoneos*]" = "iPhone Developer";
				COPY_PHASE_STRIP = YES;
				GCC_C_LANGUAGE_STANDARD = gnu99;
				GCC_WARN_ABOUT_RETURN_TYPE = YES;
				GCC_WARN_UNINITIALIZED_AUTOS = YES;
				GCC_WARN_UNUSED_VARIABLE = YES;
				IPHONEOS_DEPLOYMENT_TARGET = 6.1;
				OTHER_CFLAGS = "-DNS_BLOCK_ASSERTIONS=1";
				SDKROOT = iphoneos;
				VALIDATE_PRODUCT = YES;
			};
			name = Release;
		};
		83DB38421707A2900090E3D2 /* Debug */ = {
			isa = XCBuildConfiguration;
			buildSettings = {
				GCC_PRECOMPILE_PREFIX_HEADER = YES;
				GCC_PREFIX_HEADER = "Currency Converter/Currency Converter-Prefix.pch";
				INFOPLIST_FILE = "Currency Converter/Currency Converter-Info.plist";
				PRODUCT_NAME = "$(TARGET_NAME)";
				WRAPPER_EXTENSION = app;
			};
			name = Debug;
		};
		83DB38431707A2900090E3D2 /* Release */ = {
			isa = XCBuildConfiguration;
			buildSettings = {
				GCC_PRECOMPILE_PREFIX_HEADER = YES;
				GCC_PREFIX_HEADER = "Currency Converter/Currency Converter-Prefix.pch";
				INFOPLIST_FILE = "Currency Converter/Currency Converter-Info.plist";
				PRODUCT_NAME = "$(TARGET_NAME)";
				WRAPPER_EXTENSION = app;
			};
			name = Release;
		};
/* End XCBuildConfiguration section */

/* Begin XCConfigurationList section */
		83DB38191707A2900090E3D2 /* Build configuration list for PBXProject "Currency Converter" */ = {
			isa = XCConfigurationList;
			buildConfigurations = (
				83DB383F1707A2900090E3D2 /* Debug */,
				83DB38401707A2900090E3D2 /* Release */,
			);
			defaultConfigurationIsVisible = 0;
			defaultConfigurationName = Release;
		};
		83DB38411707A2900090E3D2 /* Build configuration list for PBXNativeTarget "Currency Converter" */ = {
			isa = XCConfigurationList;
			buildConfigurations = (
				83DB38421707A2900090E3D2 /* Debug */,
				83DB38431707A2900090E3D2 /* Release */,
			);
			defaultConfigurationIsVisible = 0;
			defaultConfigurationName = Release;
		};
/* End XCConfigurationList section */
	};
	rootObject = 83DB38161707A2900090E3D2 /* Project object */;
}
